
Microsoft Visual Studio Solution File, Format Version 12.00
# Visual Studio Version 16
VisualStudioVersion = 16.0.31321.278
MinimumVisualStudioVersion = 10.0.40219.1
Project("{9A19103F-16F7-4668-BE54-9A1E7A4F7556}") = "LessonTwoInT3H", "LessonTwoInT3H\LessonTwoInT3H.csproj", "{ABA68AB3-1A5E-433B-B932-06B5271A2D0B}"
EndProject
Project("{9A19103F-16F7-4668-BE54-9A1E7A4F7556}") = "TamGiac", "Two\TamGiac.csproj", "{B9126064-327A-4535-96E2-07F41069B58F}"
EndProject
Project("{9A19103F-16F7-4668-BE54-9A1E7A4F7556}") = "Songto", "Songto\Songto.csproj", "{632B3EBA-738D-4224-99F8-79DFFFFD2023}"
EndProject
Project("{9A19103F-16F7-4668-BE54-9A1E7A4F7556}") = "N!", "N!\N!.csproj", "{09E2281D-B7D8-40DB-A59C-C4D7F57409B5}"
EndProject
Project("{9A19103F-16F7-4668-BE54-9A1E7A4F7556}") = "Sum", "Sum\Sum.csproj", "{C7068355-B1B7-45A0-B84D-22698D221DF6}"
EndProject
Project("{9A19103F-16F7-4668-BE54-9A1E7A4F7556}") = "Array", "Array\Array.csproj", "{1137F2CE-333A-4870-8DE6-157DC1CEFA71}"
EndProject
Project("{9A19103F-16F7-4668-BE54-9A1E7A4F7556}") = "Array2", "Array2\Array2.csproj", "{A8F2613D-58B9-4688-8567-E63E40E69A93}"
EndProject
Project("{9A19103F-16F7-4668-BE54-9A1E7A4F7556}") = "Array3", "Array3\Array3.csproj", "{B01D0FD1-56EA-421F-ADCA-384B20FCF4D4}"
EndProject
Project("{9A19103F-16F7-4668-BE54-9A1E7A4F7556}") = "Aray4", "Aray4\Aray4.csproj", "{156582F7-AC6C-4A1C-8EC0-0EB2AE44BF9F}"
EndProject
Project("{9A19103F-16F7-4668-BE54-9A1E7A4F7556}") = "Arrray5", "Arrray5\Arrray5.csproj", "{E7C99AC7-7710-40E1-8284-E71A60F3CA66}"
EndProject
Project("{9A19103F-16F7-4668-BE54-9A1E7A4F7556}") = "Array6", "Array6\Array6.csproj", "{3D614C26-092E-4CCF-A409-69D26B2EF84B}"
EndProject
Project("{9A19103F-16F7-4668-BE54-9A1E7A4F7556}") = "Array7", "Array7\Array7.csproj", "{C054325F-E583-4631-B2B5-1F8CD2238567}"
EndProject
Project("{9A19103F-16F7-4668-BE54-9A1E7A4F7556}") = "ChuviDientichHCN", "ChuviDientichHCN\ChuviDientichHCN.csproj", "{BF225E08-B60A-4E34-AC68-4E665AC7D757}"
EndProject
Project("{9A19103F-16F7-4668-BE54-9A1E7A4F7556}") = "Kiemtra", "Kiemtra\Kiemtra.csproj", "{46627212-44F0-4F01-8C04-57D4A3DC96F7}"
EndProject
Project("{9A19103F-16F7-4668-BE54-9A1E7A4F7556}") = "UCLN", "UCLN\UCLN.csproj", "{922984B4-6F81-421A-901D-83AA962A074B}"
EndProject
Project("{9A19103F-16F7-4668-BE54-9A1E7A4F7556}") = "String", "String\String.csproj", "{A239DFDA-504D-4330-8B94-CBF5389D7071}"
EndProject
Project("{9A19103F-16F7-4668-BE54-9A1E7A4F7556}") = "Coleection", "Coleection\Coleection.csproj", "{764415B3-E82B-40B1-BC91-5D7566B2A24E}"
EndProject
Project("{9A19103F-16F7-4668-BE54-9A1E7A4F7556}") = "ListRandom", "ListRandom\ListRandom.csproj", "{4EDE36BA-1749-4138-8CF7-9735654B8C32}"
EndProject
Project("{9A19103F-16F7-4668-BE54-9A1E7A4F7556}") = "OOPPart1", "OOPPart1\OOPPart1.csproj", "{0FCF51CF-8163-4A4E-AD15-D2586BA6D781}"
EndProject
Project("{9A19103F-16F7-4668-BE54-9A1E7A4F7556}") = "OOPPart2", "OOPPart2\OOPPart2.csproj", "{9B3DF269-686B-4007-AA55-F8B47B318EB7}"
EndProject
Project("{9A19103F-16F7-4668-BE54-9A1E7A4F7556}") = "TestOOOp", "TestOOOp\TestOOOp.csproj", "{0ED328AC-1909-4CF2-8298-14BBF5DA8358}"
EndProject
Project("{9A19103F-16F7-4668-BE54-9A1E7A4F7556}") = "TestOOP2", "TestOOP2\TestOOP2.csproj", "{18C04237-6E7A-4449-9A2B-4419D6F17442}"
EndProject
Project("{9A19103F-16F7-4668-BE54-9A1E7A4F7556}") = "HinhHocVersion2", "HinhHocVersion2\HinhHocVersion2.csproj", "{9199B92B-2E48-4443-AFFB-63276B958234}"
EndProject
Project("{9A19103F-16F7-4668-BE54-9A1E7A4F7556}") = "OOPP2", "OOPP2\OOPP2.csproj", "{A2068E0E-0709-4FBB-A6F5-0B58090B86A5}"
EndProject
Project("{9A19103F-16F7-4668-BE54-9A1E7A4F7556}") = "OOPP3", "OOPP3\OOPP3.csproj", "{EFFC6D71-2183-4583-B76E-71E841FE782C}"
EndProject
Project("{FAE04EC0-301F-11D3-BF4B-00C04F79EFBC}") = "taolao", "taolao\taolao.csproj", "{39D4A25A-8AB9-4BEA-A197-8E055AFF664B}"
EndProject
Global
	GlobalSection(SolutionConfigurationPlatforms) = preSolution
		Debug|Any CPU = Debug|Any CPU
		Release|Any CPU = Release|Any CPU
	EndGlobalSection
	GlobalSection(ProjectConfigurationPlatforms) = postSolution
		{ABA68AB3-1A5E-433B-B932-06B5271A2D0B}.Debug|Any CPU.ActiveCfg = Debug|Any CPU
		{ABA68AB3-1A5E-433B-B932-06B5271A2D0B}.Debug|Any CPU.Build.0 = Debug|Any CPU
		{ABA68AB3-1A5E-433B-B932-06B5271A2D0B}.Release|Any CPU.ActiveCfg = Release|Any CPU
		{ABA68AB3-1A5E-433B-B932-06B5271A2D0B}.Release|Any CPU.Build.0 = Release|Any CPU
		{B9126064-327A-4535-96E2-07F41069B58F}.Debug|Any CPU.ActiveCfg = Debug|Any CPU
		{B9126064-327A-4535-96E2-07F41069B58F}.Debug|Any CPU.Build.0 = Debug|Any CPU
		{B9126064-327A-4535-96E2-07F41069B58F}.Release|Any CPU.ActiveCfg = Release|Any CPU
		{B9126064-327A-4535-96E2-07F41069B58F}.Release|Any CPU.Build.0 = Release|Any CPU
		{632B3EBA-738D-4224-99F8-79DFFFFD2023}.Debug|Any CPU.ActiveCfg = Debug|Any CPU
		{632B3EBA-738D-4224-99F8-79DFFFFD2023}.Debug|Any CPU.Build.0 = Debug|Any CPU
		{632B3EBA-738D-4224-99F8-79DFFFFD2023}.Release|Any CPU.ActiveCfg = Release|Any CPU
		{632B3EBA-738D-4224-99F8-79DFFFFD2023}.Release|Any CPU.Build.0 = Release|Any CPU
		{09E2281D-B7D8-40DB-A59C-C4D7F57409B5}.Debug|Any CPU.ActiveCfg = Debug|Any CPU
		{09E2281D-B7D8-40DB-A59C-C4D7F57409B5}.Debug|Any CPU.Build.0 = Debug|Any CPU
		{09E2281D-B7D8-40DB-A59C-C4D7F57409B5}.Release|Any CPU.ActiveCfg = Release|Any CPU
		{09E2281D-B7D8-40DB-A59C-C4D7F57409B5}.Release|Any CPU.Build.0 = Release|Any CPU
		{C7068355-B1B7-45A0-B84D-22698D221DF6}.Debug|Any CPU.ActiveCfg = Debug|Any CPU
		{C7068355-B1B7-45A0-B84D-22698D221DF6}.Debug|Any CPU.Build.0 = Debug|Any CPU
		{C7068355-B1B7-45A0-B84D-22698D221DF6}.Release|Any CPU.ActiveCfg = Release|Any CPU
		{C7068355-B1B7-45A0-B84D-22698D221DF6}.Release|Any CPU.Build.0 = Release|Any CPU
		{1137F2CE-333A-4870-8DE6-157DC1CEFA71}.Debug|Any CPU.ActiveCfg = Debug|Any CPU
		{1137F2CE-333A-4870-8DE6-157DC1CEFA71}.Debug|Any CPU.Build.0 = Debug|Any CPU
		{1137F2CE-333A-4870-8DE6-157DC1CEFA71}.Release|Any CPU.ActiveCfg = Release|Any CPU
		{1137F2CE-333A-4870-8DE6-157DC1CEFA71}.Release|Any CPU.Build.0 = Release|Any CPU
		{A8F2613D-58B9-4688-8567-E63E40E69A93}.Debug|Any CPU.ActiveCfg = Debug|Any CPU
		{A8F2613D-58B9-4688-8567-E63E40E69A93}.Debug|Any CPU.Build.0 = Debug|Any CPU
		{A8F2613D-58B9-4688-8567-E63E40E69A93}.Release|Any CPU.ActiveCfg = Release|Any CPU
		{A8F2613D-58B9-4688-8567-E63E40E69A93}.Release|Any CPU.Build.0 = Release|Any CPU
		{B01D0FD1-56EA-421F-ADCA-384B20FCF4D4}.Debug|Any CPU.ActiveCfg = Debug|Any CPU
		{B01D0FD1-56EA-421F-ADCA-384B20FCF4D4}.Debug|Any CPU.Build.0 = Debug|Any CPU
		{B01D0FD1-56EA-421F-ADCA-384B20FCF4D4}.Release|Any CPU.ActiveCfg = Release|Any CPU
		{B01D0FD1-56EA-421F-ADCA-384B20FCF4D4}.Release|Any CPU.Build.0 = Release|Any CPU
		{156582F7-AC6C-4A1C-8EC0-0EB2AE44BF9F}.Debug|Any CPU.ActiveCfg = Debug|Any CPU
		{156582F7-AC6C-4A1C-8EC0-0EB2AE44BF9F}.Debug|Any CPU.Build.0 = Debug|Any CPU
		{156582F7-AC6C-4A1C-8EC0-0EB2AE44BF9F}.Release|Any CPU.ActiveCfg = Release|Any CPU
		{156582F7-AC6C-4A1C-8EC0-0EB2AE44BF9F}.Release|Any CPU.Build.0 = Release|Any CPU
		{E7C99AC7-7710-40E1-8284-E71A60F3CA66}.Debug|Any CPU.ActiveCfg = Debug|Any CPU
		{E7C99AC7-7710-40E1-8284-E71A60F3CA66}.Debug|Any CPU.Build.0 = Debug|Any CPU
		{E7C99AC7-7710-40E1-8284-E71A60F3CA66}.Release|Any CPU.ActiveCfg = Release|Any CPU
		{E7C99AC7-7710-40E1-8284-E71A60F3CA66}.Release|Any CPU.Build.0 = Release|Any CPU
		{3D614C26-092E-4CCF-A409-69D26B2EF84B}.Debug|Any CPU.ActiveCfg = Debug|Any CPU
		{3D614C26-092E-4CCF-A409-69D26B2EF84B}.Debug|Any CPU.Build.0 = Debug|Any CPU
		{3D614C26-092E-4CCF-A409-69D26B2EF84B}.Release|Any CPU.ActiveCfg = Release|Any CPU
		{3D614C26-092E-4CCF-A409-69D26B2EF84B}.Release|Any CPU.Build.0 = Release|Any CPU
		{C054325F-E583-4631-B2B5-1F8CD2238567}.Debug|Any CPU.ActiveCfg = Debug|Any CPU
		{C054325F-E583-4631-B2B5-1F8CD2238567}.Debug|Any CPU.Build.0 = Debug|Any CPU
		{C054325F-E583-4631-B2B5-1F8CD2238567}.Release|Any CPU.ActiveCfg = Release|Any CPU
		{C054325F-E583-4631-B2B5-1F8CD2238567}.Release|Any CPU.Build.0 = Release|Any CPU
		{BF225E08-B60A-4E34-AC68-4E665AC7D757}.Debug|Any CPU.ActiveCfg = Debug|Any CPU
		{BF225E08-B60A-4E34-AC68-4E665AC7D757}.Debug|Any CPU.Build.0 = Debug|Any CPU
		{BF225E08-B60A-4E34-AC68-4E665AC7D757}.Release|Any CPU.ActiveCfg = Release|Any CPU
		{BF225E08-B60A-4E34-AC68-4E665AC7D757}.Release|Any CPU.Build.0 = Release|Any CPU
		{46627212-44F0-4F01-8C04-57D4A3DC96F7}.Debug|Any CPU.ActiveCfg = Debug|Any CPU
		{46627212-44F0-4F01-8C04-57D4A3DC96F7}.Debug|Any CPU.Build.0 = Debug|Any CPU
		{46627212-44F0-4F01-8C04-57D4A3DC96F7}.Release|Any CPU.ActiveCfg = Release|Any CPU
		{46627212-44F0-4F01-8C04-57D4A3DC96F7}.Release|Any CPU.Build.0 = Release|Any CPU
		{922984B4-6F81-421A-901D-83AA962A074B}.Debug|Any CPU.ActiveCfg = Debug|Any CPU
		{922984B4-6F81-421A-901D-83AA962A074B}.Debug|Any CPU.Build.0 = Debug|Any CPU
		{922984B4-6F81-421A-901D-83AA962A074B}.Release|Any CPU.ActiveCfg = Release|Any CPU
		{922984B4-6F81-421A-901D-83AA962A074B}.Release|Any CPU.Build.0 = Release|Any CPU
		{A239DFDA-504D-4330-8B94-CBF5389D7071}.Debug|Any CPU.ActiveCfg = Debug|Any CPU
		{A239DFDA-504D-4330-8B94-CBF5389D7071}.Debug|Any CPU.Build.0 = Debug|Any CPU
		{A239DFDA-504D-4330-8B94-CBF5389D7071}.Release|Any CPU.ActiveCfg = Release|Any CPU
		{A239DFDA-504D-4330-8B94-CBF5389D7071}.Release|Any CPU.Build.0 = Release|Any CPU
		{764415B3-E82B-40B1-BC91-5D7566B2A24E}.Debug|Any CPU.ActiveCfg = Debug|Any CPU
		{764415B3-E82B-40B1-BC91-5D7566B2A24E}.Debug|Any CPU.Build.0 = Debug|Any CPU
		{764415B3-E82B-40B1-BC91-5D7566B2A24E}.Release|Any CPU.ActiveCfg = Release|Any CPU
		{764415B3-E82B-40B1-BC91-5D7566B2A24E}.Release|Any CPU.Build.0 = Release|Any CPU
		{4EDE36BA-1749-4138-8CF7-9735654B8C32}.Debug|Any CPU.ActiveCfg = Debug|Any CPU
		{4EDE36BA-1749-4138-8CF7-9735654B8C32}.Debug|Any CPU.Build.0 = Debug|Any CPU
		{4EDE36BA-1749-4138-8CF7-9735654B8C32}.Release|Any CPU.ActiveCfg = Release|Any CPU
		{4EDE36BA-1749-4138-8CF7-9735654B8C32}.Release|Any CPU.Build.0 = Release|Any CPU
		{0FCF51CF-8163-4A4E-AD15-D2586BA6D781}.Debug|Any CPU.ActiveCfg = Debug|Any CPU
		{0FCF51CF-8163-4A4E-AD15-D2586BA6D781}.Debug|Any CPU.Build.0 = Debug|Any CPU
		{0FCF51CF-8163-4A4E-AD15-D2586BA6D781}.Release|Any CPU.ActiveCfg = Release|Any CPU
		{0FCF51CF-8163-4A4E-AD15-D2586BA6D781}.Release|Any CPU.Build.0 = Release|Any CPU
		{9B3DF269-686B-4007-AA55-F8B47B318EB7}.Debug|Any CPU.ActiveCfg = Debug|Any CPU
		{9B3DF269-686B-4007-AA55-F8B47B318EB7}.Debug|Any CPU.Build.0 = Debug|Any CPU
		{9B3DF269-686B-4007-AA55-F8B47B318EB7}.Release|Any CPU.ActiveCfg = Release|Any CPU
		{9B3DF269-686B-4007-AA55-F8B47B318EB7}.Release|Any CPU.Build.0 = Release|Any CPU
		{0ED328AC-1909-4CF2-8298-14BBF5DA8358}.Debug|Any CPU.ActiveCfg = Debug|Any CPU
		{0ED328AC-1909-4CF2-8298-14BBF5DA8358}.Debug|Any CPU.Build.0 = Debug|Any CPU
		{0ED328AC-1909-4CF2-8298-14BBF5DA8358}.Release|Any CPU.ActiveCfg = Release|Any CPU
		{0ED328AC-1909-4CF2-8298-14BBF5DA8358}.Release|Any CPU.Build.0 = Release|Any CPU
		{18C04237-6E7A-4449-9A2B-4419D6F17442}.Debug|Any CPU.ActiveCfg = Debug|Any CPU
		{18C04237-6E7A-4449-9A2B-4419D6F17442}.Debug|Any CPU.Build.0 = Debug|Any CPU
		{18C04237-6E7A-4449-9A2B-4419D6F17442}.Release|Any CPU.ActiveCfg = Release|Any CPU
		{18C04237-6E7A-4449-9A2B-4419D6F17442}.Release|Any CPU.Build.0 = Release|Any CPU
		{9199B92B-2E48-4443-AFFB-63276B958234}.Debug|Any CPU.ActiveCfg = Debug|Any CPU
		{9199B92B-2E48-4443-AFFB-63276B958234}.Debug|Any CPU.Build.0 = Debug|Any CPU
		{9199B92B-2E48-4443-AFFB-63276B958234}.Release|Any CPU.ActiveCfg = Release|Any CPU
		{9199B92B-2E48-4443-AFFB-63276B958234}.Release|Any CPU.Build.0 = Release|Any CPU
		{A2068E0E-0709-4FBB-A6F5-0B58090B86A5}.Debug|Any CPU.ActiveCfg = Debug|Any CPU
		{A2068E0E-0709-4FBB-A6F5-0B58090B86A5}.Debug|Any CPU.Build.0 = Debug|Any CPU
		{A2068E0E-0709-4FBB-A6F5-0B58090B86A5}.Release|Any CPU.ActiveCfg = Release|Any CPU
		{A2068E0E-0709-4FBB-A6F5-0B58090B86A5}.Release|Any CPU.Build.0 = Release|Any CPU
		{EFFC6D71-2183-4583-B76E-71E841FE782C}.Debug|Any CPU.ActiveCfg = Debug|Any CPU
		{EFFC6D71-2183-4583-B76E-71E841FE782C}.Debug|Any CPU.Build.0 = Debug|Any CPU
		{EFFC6D71-2183-4583-B76E-71E841FE782C}.Release|Any CPU.ActiveCfg = Release|Any CPU
		{EFFC6D71-2183-4583-B76E-71E841FE782C}.Release|Any CPU.Build.0 = Release|Any CPU
		{39D4A25A-8AB9-4BEA-A197-8E055AFF664B}.Debug|Any CPU.ActiveCfg = Debug|Any CPU
		{39D4A25A-8AB9-4BEA-A197-8E055AFF664B}.Debug|Any CPU.Build.0 = Debug|Any CPU
		{39D4A25A-8AB9-4BEA-A197-8E055AFF664B}.Release|Any CPU.ActiveCfg = Release|Any CPU
		{39D4A25A-8AB9-4BEA-A197-8E055AFF664B}.Release|Any CPU.Build.0 = Release|Any CPU
	EndGlobalSection
	GlobalSection(SolutionProperties) = preSolution
		HideSolutionNode = FALSE
	EndGlobalSection
	GlobalSection(ExtensibilityGlobals) = postSolution
		SolutionGuid = {E16C90F1-2D5E-43F4-ADE7-3B45F4D8499C}
	EndGlobalSection
EndGlobal
